// !$*UTF8*$!
{
	archiveVersion = 1;
	classes = {
	};
	objectVersion = 46;
	objects = {

/* Begin PBXBuildFile section */
		322D14791C815F040020603D /* addPostVC.swift in Sources */ = {isa = PBXBuildFile; fileRef = 322D14781C815F040020603D /* addPostVC.swift */; };
		324950E71C7F127D005DED25 /* AppDelegate.swift in Sources */ = {isa = PBXBuildFile; fileRef = 324950E61C7F127D005DED25 /* AppDelegate.swift */; };
		324950E91C7F127D005DED25 /* ViewController.swift in Sources */ = {isa = PBXBuildFile; fileRef = 324950E81C7F127D005DED25 /* ViewController.swift */; };
		324950EC1C7F127D005DED25 /* Main.storyboard in Resources */ = {isa = PBXBuildFile; fileRef = 324950EA1C7F127D005DED25 /* Main.storyboard */; };
		324950EE1C7F127D005DED25 /* Assets.xcassets in Resources */ = {isa = PBXBuildFile; fileRef = 324950ED1C7F127D005DED25 /* Assets.xcassets */; };
		324950F11C7F127D005DED25 /* LaunchScreen.storyboard in Resources */ = {isa = PBXBuildFile; fileRef = 324950EF1C7F127D005DED25 /* LaunchScreen.storyboard */; };
		324950F91C7F133D005DED25 /* post.swift in Sources */ = {isa = PBXBuildFile; fileRef = 324950F81C7F133D005DED25 /* post.swift */; };
		324950FD1C7F2612005DED25 /* PostCell.swift in Sources */ = {isa = PBXBuildFile; fileRef = 324950FC1C7F2612005DED25 /* PostCell.swift */; };
		325E4CC21C828B470044DD78 /* dataServices.swift in Sources */ = {isa = PBXBuildFile; fileRef = 325E4CC11C828B470044DD78 /* dataServices.swift */; };
/* End PBXBuildFile section */

/* Begin PBXFileReference section */
		322D14781C815F040020603D /* addPostVC.swift */ = {isa = PBXFileReference; fileEncoding = 4; lastKnownFileType = sourcecode.swift; path = addPostVC.swift; sourceTree = "<group>"; };
		324950E31C7F127D005DED25 /* MyWood.app */ = {isa = PBXFileReference; explicitFileType = wrapper.application; includeInIndex = 0; path = MyWood.app; sourceTree = BUILT_PRODUCTS_DIR; };
		324950E61C7F127D005DED25 /* AppDelegate.swift */ = {isa = PBXFileReference; lastKnownFileType = sourcecode.swift; path = AppDelegate.swift; sourceTree = "<group>"; };
		324950E81C7F127D005DED25 /* ViewController.swift */ = {isa = PBXFileReference; lastKnownFileType = sourcecode.swift; path = ViewController.swift; sourceTree = "<group>"; };
		324950EB1C7F127D005DED25 /* Base */ = {isa = PBXFileReference; lastKnownFileType = file.storyboard; name = Base; path = Base.lproj/Main.storyboard; sourceTree = "<group>"; };
		324950ED1C7F127D005DED25 /* Assets.xcassets */ = {isa = PBXFileReference; lastKnownFileType = folder.assetcatalog; path = Assets.xcassets; sourceTree = "<group>"; };
		324950F01C7F127D005DED25 /* Base */ = {isa = PBXFileReference; lastKnownFileType = file.storyboard; name = Base; path = Base.lproj/LaunchScreen.storyboard; sourceTree = "<group>"; };
		324950F21C7F127D005DED25 /* Info.plist */ = {isa = PBXFileReference; lastKnownFileType = text.plist.xml; path = Info.plist; sourceTree = "<group>"; };
		324950F81C7F133D005DED25 /* post.swift */ = {isa = PBXFileReference; fileEncoding = 4; lastKnownFileType = sourcecode.swift; path = post.swift; sourceTree = "<group>"; };
		324950FC1C7F2612005DED25 /* PostCell.swift */ = {isa = PBXFileReference; fileEncoding = 4; lastKnownFileType = sourcecode.swift; path = PostCell.swift; sourceTree = "<group>"; };
		325E4CC11C828B470044DD78 /* dataServices.swift */ = {isa = PBXFileReference; fileEncoding = 4; lastKnownFileType = sourcecode.swift; path = dataServices.swift; sourceTree = "<group>"; };
/* End PBXFileReference section */

/* Begin PBXFrameworksBuildPhase section */
		324950E01C7F127D005DED25 /* Frameworks */ = {
			isa = PBXFrameworksBuildPhase;
			buildActionMask = 2147483647;
			files = (
			);
			runOnlyForDeploymentPostprocessing = 0;
		};
/* End PBXFrameworksBuildPhase section */

/* Begin PBXGroup section */
		322D14771C815EB80020603D /* Controller */ = {
			isa = PBXGroup;
			children = (
				324950E81C7F127D005DED25 /* ViewController.swift */,
				322D14781C815F040020603D /* addPostVC.swift */,
			);
			name = Controller;
			sourceTree = "<group>";
		};
		324950DA1C7F127D005DED25 = {
			isa = PBXGroup;
			children = (
				324950E51C7F127D005DED25 /* MyWood */,
				324950E41C7F127D005DED25 /* Products */,
			);
			sourceTree = "<group>";
		};
		324950E41C7F127D005DED25 /* Products */ = {
			isa = PBXGroup;
			children = (
				324950E31C7F127D005DED25 /* MyWood.app */,
			);
			name = Products;
			sourceTree = "<group>";
		};
		324950E51C7F127D005DED25 /* MyWood */ = {
			isa = PBXGroup;
			children = (
				325E4CC01C828B2F0044DD78 /* Services */,
				322D14771C815EB80020603D /* Controller */,
				324950FB1C7F245B005DED25 /* view */,
				324950FA1C7F2379005DED25 /* model */,
				324950E61C7F127D005DED25 /* AppDelegate.swift */,
				324950ED1C7F127D005DED25 /* Assets.xcassets */,
				324950F21C7F127D005DED25 /* Info.plist */,
			);
			path = MyWood;
			sourceTree = "<group>";
		};
		324950FA1C7F2379005DED25 /* model */ = {
			isa = PBXGroup;
			children = (
				324950F81C7F133D005DED25 /* post.swift */,
			);
			name = model;
			sourceTree = "<group>";
		};
		324950FB1C7F245B005DED25 /* view */ = {
			isa = PBXGroup;
			children = (
				324950FC1C7F2612005DED25 /* PostCell.swift */,
				324950EA1C7F127D005DED25 /* Main.storyboard */,
				324950EF1C7F127D005DED25 /* LaunchScreen.storyboard */,
			);
			name = view;
			sourceTree = "<group>";
		};
		325E4CC01C828B2F0044DD78 /* Services */ = {
			isa = PBXGroup;
			children = (
				325E4CC11C828B470044DD78 /* dataServices.swift */,
			);
			name = Services;
			sourceTree = "<group>";
		};
/* End PBXGroup section */

/* Begin PBXNativeTarget section */
		324950E21C7F127D005DED25 /* MyWood */ = {
			isa = PBXNativeTarget;
			buildConfigurationList = 324950F51C7F127D005DED25 /* Build configuration list for PBXNativeTarget "MyWood" */;
			buildPhases = (
				324950DF1C7F127D005DED25 /* Sources */,
				324950E01C7F127D005DED25 /* Frameworks */,
				324950E11C7F127D005DED25 /* Resources */,
			);
			buildRules = (
			);
			dependencies = (
			);
			name = MyWood;
			productName = MyWood;
			productReference = 324950E31C7F127D005DED25 /* MyWood.app */;
			productType = "com.apple.product-type.application";
		};
/* End PBXNativeTarget section */

/* Begin PBXProject section */
		324950DB1C7F127D005DED25 /* Project object */ = {
			isa = PBXProject;
			attributes = {
				LastSwiftUpdateCheck = 0720;
				LastUpgradeCheck = 0720;
				ORGANIZATIONNAME = "SEBASTIEN MONTIBELLER";
				TargetAttributes = {
					324950E21C7F127D005DED25 = {
						CreatedOnToolsVersion = 7.2.1;
						DevelopmentTeam = L3UY2TNEE7;
					};
				};
			};
			buildConfigurationList = 324950DE1C7F127D005DED25 /* Build configuration list for PBXProject "MyWood" */;
			compatibilityVersion = "Xcode 3.2";
			developmentRegion = English;
			hasScannedForEncodings = 0;
			knownRegions = (
				en,
				Base,
			);
			mainGroup = 324950DA1C7F127D005DED25;
			productRefGroup = 324950E41C7F127D005DED25 /* Products */;
			projectDirPath = "";
			projectRoot = "";
			targets = (
				324950E21C7F127D005DED25 /* MyWood */,
			);
		};
/* End PBXProject section */

/* Begin PBXResourcesBuildPhase section */
		324950E11C7F127D005DED25 /* Resources */ = {
			isa = PBXResourcesBuildPhase;
			buildActionMask = 2147483647;
			files = (
				324950F11C7F127D005DED25 /* LaunchScreen.storyboard in Resources */,
				324950EE1C7F127D005DED25 /* Assets.xcassets in Resources */,
				324950EC1C7F127D005DED25 /* Main.storyboard in Resources */,
			);
			runOnlyForDeploymentPostprocessing = 0;
		};
/* End PBXResourcesBuildPhase section */

/* Begin PBXSourcesBuildPhase section */
		324950DF1C7F127D005DED25 /* Sources */ = {
			isa = PBXSourcesBuildPhase;
			buildActionMask = 2147483647;
			files = (
				322D14791C815F040020603D /* addPostVC.swift in Sources */,
				324950F91C7F133D005DED25 /* post.swift in Sources */,
				324950E91C7F127D005DED25 /* ViewController.swift in Sources */,
				325E4CC21C828B470044DD78 /* dataServices.swift in Sources */,
				324950E71C7F127D005DED25 /* AppDelegate.swift in Sources */,
				324950FD1C7F2612005DED25 /* PostCell.swift in Sources */,
			);
			runOnlyForDeploymentPostprocessing = 0;
		};
/* End PBXSourcesBuildPhase section */

/* Begin PBXVariantGroup section */
		324950EA1C7F127D005DED25 /* Main.storyboard */ = {
			isa = PBXVariantGroup;
			children = (
				324950EB1C7F127D005DED25 /* Base */,
			);
			name = Main.storyboard;
			sourceTree = "<group>";
		};
		324950EF1C7F127D005DED25 /* LaunchScreen.storyboard */ = {
			isa = PBXVariantGroup;
			children = (
				324950F01C7F127D005DED25 /* Base */,
			);
			name = LaunchScreen.storyboard;
			sourceTree = "<group>";
		};
/* End PBXVariantGroup section */

/* Begin XCBuildConfiguration section */
		324950F31C7F127D005DED25 /* Debug */ = {
			isa = XCBuildConfiguration;
			buildSettings = {
				ALWAYS_SEARCH_USER_PATHS = NO;
				CLANG_CXX_LANGUAGE_STANDARD = "gnu++0x";
				CLANG_CXX_LIBRARY = "libc++";
				CLANG_ENABLE_MODULES = YES;
				CLANG_ENABLE_OBJC_ARC = YES;
				CLANG_WARN_BOOL_CONVERSION = YES;
				CLANG_WARN_CONSTANT_CONVERSION = YES;
				CLANG_WARN_DIRECT_OBJC_ISA_USAGE = YES_ERROR;
				CLANG_WARN_EMPTY_BODY = YES;
				CLANG_WARN_ENUM_CONVERSION = YES;
				CLANG_WARN_INT_CONVERSION = YES;
				CLANG_WARN_OBJC_ROOT_CLASS = YES_ERROR;
				CLANG_WARN_UNREACHABLE_CODE = YES;
				CLANG_WARN__DUPLICATE_METHOD_MATCH = YES;
				"CODE_SIGN_IDENTITY[sdk=iphoneos*]" = "iPhone Developer";
				COPY_PHASE_STRIP = NO;
				DEBUG_INFORMATION_FORMAT = dwarf;
				ENABLE_STRICT_OBJC_MSGSEND = YES;
				ENABLE_TESTABILITY = YES;
				GCC_C_LANGUAGE_STANDARD = gnu99;
				GCC_DYNAMIC_NO_PIC = NO;
				GCC_NO_COMMON_BLOCKS = YES;
				GCC_OPTIMIZATION_LEVEL = 0;
				GCC_PREPROCESSOR_DEFINITIONS = (
					"DEBUG=1",
					"$(inherited)",
				);
				GCC_WARN_64_TO_32_BIT_CONVERSION = YES;
				GCC_WARN_ABOUT_RETURN_TYPE = YES_ERROR;
				GCC_WARN_UNDECLARED_SELECTOR = YES;
				GCC_WARN_UNINITIALIZED_AUTOS = YES_AGGRESSIVE;
				GCC_WARN_UNUSED_FUNCTION = YES;
				GCC_WARN_UNUSED_VARIABLE = YES;
				IPHONEOS_DEPLOYMENT_TARGET = 9.2;
				MTL_ENABLE_DEBUG_INFO = YES;
				ONLY_ACTIVE_ARCH = YES;
				SDKROOT = iphoneos;
				SWIFT_OPTIMIZATION_LEVEL = "-Onone";
				TARGETED_DEVICE_FAMILY = "1,2";
			};
			name = Debug;
		};
		324950F41C7F127D005DED25 /* Release */ = {
			isa = XCBuildConfiguration;
			buildSettings = {
				ALWAYS_SEARCH_USER_PATHS = NO;
				CLANG_CXX_LANGUAGE_STANDARD = "gnu++0x";
				CLANG_CXX_LIBRARY = "libc++";
				CLANG_ENABLE_MODULES = YES;
				CLANG_ENABLE_OBJC_ARC = YES;
				CLANG_WARN_BOOL_CONVERSION = YES;
				CLANG_WARN_CONSTANT_CONVERSION = YES;
				CLANG_WARN_DIRECT_OBJC_ISA_USAGE = YES_ERROR;
				CLANG_WARN_EMPTY_BODY = YES;
				CLANG_WARN_ENUM_CONVERSION = YES;
				CLANG_WARN_INT_CONVERSION = YES;
				CLANG_WARN_OBJC_ROOT_CLASS = YES_ERROR;
				CLANG_WARN_UNREACHABLE_CODE = YES;
				CLANG_WARN__DUPLICATE_METHOD_MATCH = YES;
				"CODE_SIGN_IDENTITY[sdk=iphoneos*]" = "iPhone Developer";
				COPY_PHASE_STRIP = NO;
				DEBUG_INFORMATION_FORMAT = "dwarf-with-dsym";
				ENABLE_NS_ASSERTIONS = NO;
				ENABLE_STRICT_OBJC_MSGSEND = YES;
				GCC_C_LANGUAGE_STANDARD = gnu99;
				GCC_NO_COMMON_BLOCKS = YES;
				GCC_WARN_64_TO_32_BIT_CONVERSION = YES;
				GCC_WARN_ABOUT_RETURN_TYPE = YES_ERROR;
				GCC_WARN_UNDECLARED_SELECTOR = YES;
				GCC_WARN_UNINITIALIZED_AUTOS = YES_AGGRESSIVE;
				GCC_WARN_UNUSED_FUNCTION = YES;
				GCC_WARN_UNUSED_VARIABLE = YES;
				IPHONEOS_DEPLOYMENT_TARGET = 9.2;
				MTL_ENABLE_DEBUG_INFO = NO;
				SDKROOT = iphoneos;
				TARGETED_DEVICE_FAMILY = "1,2";
				VALIDATE_PRODUCT = YES;
			};
			name = Release;
		};
		324950F61C7F127D005DED25 /* Debug */ = {
			isa = XCBuildConfiguration;
			buildSettings = {
				ASSETCATALOG_COMPILER_APPICON_NAME = AppIcon;
				INFOPLIST_FILE = MyWood/Info.plist;
				LD_RUNPATH_SEARCH_PATHS = "$(inherited) @executable_path/Frameworks";
				PRODUCT_BUNDLE_IDENTIFIER = com.montyprograms.MyWood;
				PRODUCT_NAME = "$(TARGET_NAME)";
			};
			name = Debug;
		};
		324950F71C7F127D005DED25 /* Release */ = {
			isa = XCBuildConfiguration;
			buildSettings = {
				ASSETCATALOG_COMPILER_APPICON_NAME = AppIcon;
				INFOPLIST_FILE = MyWood/Info.plist;
				LD_RUNPATH_SEARCH_PATHS = "$(inherited) @executable_path/Frameworks";
				PRODUCT_BUNDLE_IDENTIFIER = com.montyprograms.MyWood;
				PRODUCT_NAME = "$(TARGET_NAME)";
			};
			name = Release;
		};
/* End XCBuildConfiguration section */

/* Begin XCConfigurationList section */
		324950DE1C7F127D005DED25 /* Build configuration list for PBXProject "MyWood" */ = {
			isa = XCConfigurationList;
			buildConfigurations = (
				324950F31C7F127D005DED25 /* Debug */,
				324950F41C7F127D005DED25 /* Release */,
			);
			defaultConfigurationIsVisible = 0;
			defaultConfigurationName = Release;
		};
		324950F51C7F127D005DED25 /* Build configuration list for PBXNativeTarget "MyWood" */ = {
			isa = XCConfigurationList;
			buildConfigurations = (
				324950F61C7F127D005DED25 /* Debug */,
				324950F71C7F127D005DED25 /* Release */,
			);
			defaultConfigurationIsVisible = 0;
			defaultConfigurationName = Release;
		};
/* End XCConfigurationList section */
	};
	rootObject = 324950DB1C7F127D005DED25 /* Project object */;
}
